
Microsoft Visual Studio Solution File, Format Version 12.00
# Visual Studio Version 16
VisualStudioVersion = 16.0.31129.286
MinimumVisualStudioVersion = 10.0.40219.1
Project("{FAE04EC0-301F-11D3-BF4B-00C04F79EFBC}") = "babolshort", "babolshort.csproj", "{0BF3DC12-AFDB-4EE6-90EB-502226ECDF06}"
EndProject
Global
	GlobalSection(SolutionConfigurationPlatforms) = preSolution
		Debug|Any CPU = Debug|Any CPU
		Release|Any CPU = Release|Any CPU
	EndGlobalSection
	GlobalSection(ProjectConfigurationPlatforms) = postSolution
		{0BF3DC12-AFDB-4EE6-90EB-502226ECDF06}.Debug|Any CPU.ActiveCfg = Debug|Any CPU
		{0BF3DC12-AFDB-4EE6-90EB-502226ECDF06}.Debug|Any CPU.Build.0 = Debug|Any CPU
		{0BF3DC12-AFDB-4EE6-90EB-502226ECDF06}.Release|Any CPU.ActiveCfg = Release|Any CPU
		{0BF3DC12-AFDB-4EE6-90EB-502226ECDF06}.Release|Any CPU.Build.0 = Release|Any CPU
	EndGlobalSection
	GlobalSection(SolutionProperties) = preSolution
		HideSolutionNode = FALSE
	EndGlobalSection
	GlobalSection(ExtensibilityGlobals) = postSolution
		SolutionGuid = {68A1EB03-2793-4941-9278-2BA61DF2BCC9}
	EndGlobalSection
EndGlobal
