
Microsoft Visual Studio Solution File, Format Version 12.00
# Visual Studio Version 16
VisualStudioVersion = 16.0.31129.286
MinimumVisualStudioVersion = 10.0.40219.1
Project("{FAE04EC0-301F-11D3-BF4B-00C04F79EFBC}") = "QueueDS", "QueueDS.csproj", "{92EBA69C-3DBB-463A-BF59-393D39D7E4EE}"
EndProject
Global
	GlobalSection(SolutionConfigurationPlatforms) = preSolution
		Debug|Any CPU = Debug|Any CPU
		Release|Any CPU = Release|Any CPU
	EndGlobalSection
	GlobalSection(ProjectConfigurationPlatforms) = postSolution
		{92EBA69C-3DBB-463A-BF59-393D39D7E4EE}.Debug|Any CPU.ActiveCfg = Debug|Any CPU
		{92EBA69C-3DBB-463A-BF59-393D39D7E4EE}.Debug|Any CPU.Build.0 = Debug|Any CPU
		{92EBA69C-3DBB-463A-BF59-393D39D7E4EE}.Release|Any CPU.ActiveCfg = Release|Any CPU
		{92EBA69C-3DBB-463A-BF59-393D39D7E4EE}.Release|Any CPU.Build.0 = Release|Any CPU
	EndGlobalSection
	GlobalSection(SolutionProperties) = preSolution
		HideSolutionNode = FALSE
	EndGlobalSection
	GlobalSection(ExtensibilityGlobals) = postSolution
		SolutionGuid = {5CA0F5EA-5D49-46F5-B03A-06C26D109355}
	EndGlobalSection
EndGlobal
