
Microsoft Visual Studio Solution File, Format Version 12.00
# Visual Studio Version 16
VisualStudioVersion = 16.0.31129.286
MinimumVisualStudioVersion = 10.0.40219.1
Project("{FAE04EC0-301F-11D3-BF4B-00C04F79EFBC}") = "insertion_sort1", "insertion_sort1.csproj", "{F233692A-B168-400C-90C0-9F81C4D4ADEB}"
EndProject
Global
	GlobalSection(SolutionConfigurationPlatforms) = preSolution
		Debug|Any CPU = Debug|Any CPU
		Release|Any CPU = Release|Any CPU
	EndGlobalSection
	GlobalSection(ProjectConfigurationPlatforms) = postSolution
		{F233692A-B168-400C-90C0-9F81C4D4ADEB}.Debug|Any CPU.ActiveCfg = Debug|Any CPU
		{F233692A-B168-400C-90C0-9F81C4D4ADEB}.Debug|Any CPU.Build.0 = Debug|Any CPU
		{F233692A-B168-400C-90C0-9F81C4D4ADEB}.Release|Any CPU.ActiveCfg = Release|Any CPU
		{F233692A-B168-400C-90C0-9F81C4D4ADEB}.Release|Any CPU.Build.0 = Release|Any CPU
	EndGlobalSection
	GlobalSection(SolutionProperties) = preSolution
		HideSolutionNode = FALSE
	EndGlobalSection
	GlobalSection(ExtensibilityGlobals) = postSolution
		SolutionGuid = {C7F0B363-86C0-403E-84A8-0A5D1691B37F}
	EndGlobalSection
EndGlobal
